
Microsoft Visual Studio Solution File, Format Version 12.00
# Visual Studio Version 16
VisualStudioVersion = 16.0.30611.23
MinimumVisualStudioVersion = 10.0.40219.1
Project("{FAE04EC0-301F-11D3-BF4B-00C04F79EFBC}") = "CRUDOperationApp", "CRUDOperationApp\CRUDOperationApp.csproj", "{2BF24B8B-BD75-4C7A-9F39-2321727DA07F}"
EndProject
Global
	GlobalSection(SolutionConfigurationPlatforms) = preSolution
		Debug|Any CPU = Debug|Any CPU
		Release|Any CPU = Release|Any CPU
	EndGlobalSection
	GlobalSection(ProjectConfigurationPlatforms) = postSolution
		{2BF24B8B-BD75-4C7A-9F39-2321727DA07F}.Debug|Any CPU.ActiveCfg = Debug|Any CPU
		{2BF24B8B-BD75-4C7A-9F39-2321727DA07F}.Debug|Any CPU.Build.0 = Debug|Any CPU
		{2BF24B8B-BD75-4C7A-9F39-2321727DA07F}.Release|Any CPU.ActiveCfg = Release|Any CPU
		{2BF24B8B-BD75-4C7A-9F39-2321727DA07F}.Release|Any CPU.Build.0 = Release|Any CPU
	EndGlobalSection
	GlobalSection(SolutionProperties) = preSolution
		HideSolutionNode = FALSE
	EndGlobalSection
	GlobalSection(ExtensibilityGlobals) = postSolution
		SolutionGuid = {D3AAF126-0887-4F6E-B75E-A38AE53E1B0B}
	EndGlobalSection
EndGlobal
